
Microsoft Visual Studio Solution File, Format Version 12.00
# Visual Studio Version 16
VisualStudioVersion = 16.0.31019.35
MinimumVisualStudioVersion = 10.0.40219.1
Project("{FAE04EC0-301F-11D3-BF4B-00C04F79EFBC}") = "FizzBuzz", "FizzBuzz\FizzBuzz.csproj", "{113F1512-6B2E-472D-8011-FF79C9DE09C4}"
EndProject
Global
	GlobalSection(SolutionConfigurationPlatforms) = preSolution
		Debug|Any CPU = Debug|Any CPU
		Release|Any CPU = Release|Any CPU
	EndGlobalSection
	GlobalSection(ProjectConfigurationPlatforms) = postSolution
		{113F1512-6B2E-472D-8011-FF79C9DE09C4}.Debug|Any CPU.ActiveCfg = Debug|Any CPU
		{113F1512-6B2E-472D-8011-FF79C9DE09C4}.Debug|Any CPU.Build.0 = Debug|Any CPU
		{113F1512-6B2E-472D-8011-FF79C9DE09C4}.Release|Any CPU.ActiveCfg = Release|Any CPU
		{113F1512-6B2E-472D-8011-FF79C9DE09C4}.Release|Any CPU.Build.0 = Release|Any CPU
	EndGlobalSection
	GlobalSection(SolutionProperties) = preSolution
		HideSolutionNode = FALSE
	EndGlobalSection
	GlobalSection(ExtensibilityGlobals) = postSolution
		SolutionGuid = {30773ED7-4FF0-4816-91D7-EF65365A9B12}
	EndGlobalSection
EndGlobal
